
Microsoft Visual Studio Solution File, Format Version 12.00
# Visual Studio 15
VisualStudioVersion = 15.0.28307.421
MinimumVisualStudioVersion = 10.0.40219.1
Project("{FAE04EC0-301F-11D3-BF4B-00C04F79EFBC}") = "FindHotelWebApiResourcerProject", "FindHotelWebApiResourcerProject\FindHotelWebApiResourcerProject.csproj", "{3718819A-23C9-4FAD-BC2B-D052DFA4518B}"
EndProject
Project("{FAE04EC0-301F-11D3-BF4B-00C04F79EFBC}") = "FindHotelWebApiResourcerProject.Tests", "FindHotelWebApiResourcerProject.Tests\FindHotelWebApiResourcerProject.Tests.csproj", "{977218CB-B747-4B1F-ADF0-978562FA5FA3}"
EndProject
Global
	GlobalSection(SolutionConfigurationPlatforms) = preSolution
		Debug|Any CPU = Debug|Any CPU
		Release|Any CPU = Release|Any CPU
	EndGlobalSection
	GlobalSection(ProjectConfigurationPlatforms) = postSolution
		{3718819A-23C9-4FAD-BC2B-D052DFA4518B}.Debug|Any CPU.ActiveCfg = Debug|Any CPU
		{3718819A-23C9-4FAD-BC2B-D052DFA4518B}.Debug|Any CPU.Build.0 = Debug|Any CPU
		{3718819A-23C9-4FAD-BC2B-D052DFA4518B}.Release|Any CPU.ActiveCfg = Release|Any CPU
		{3718819A-23C9-4FAD-BC2B-D052DFA4518B}.Release|Any CPU.Build.0 = Release|Any CPU
		{977218CB-B747-4B1F-ADF0-978562FA5FA3}.Debug|Any CPU.ActiveCfg = Debug|Any CPU
		{977218CB-B747-4B1F-ADF0-978562FA5FA3}.Debug|Any CPU.Build.0 = Debug|Any CPU
		{977218CB-B747-4B1F-ADF0-978562FA5FA3}.Release|Any CPU.ActiveCfg = Release|Any CPU
		{977218CB-B747-4B1F-ADF0-978562FA5FA3}.Release|Any CPU.Build.0 = Release|Any CPU
	EndGlobalSection
	GlobalSection(SolutionProperties) = preSolution
		HideSolutionNode = FALSE
	EndGlobalSection
	GlobalSection(ExtensibilityGlobals) = postSolution
		SolutionGuid = {907DEDEC-5A1E-4A21-AB06-8921AA4F59C6}
	EndGlobalSection
EndGlobal
